
Microsoft Visual Studio Solution File, Format Version 12.00
# Visual Studio 15
Project("{FAE04EC0-301F-11D3-BF4B-00C04F79EFBC}") = "AstarPathfindingProject", "AstarPathfindingProject.csproj", "{61E6AB0C-73FC-7046-D830-F9AEBE9C0F15}"
EndProject
Project("{FAE04EC0-301F-11D3-BF4B-00C04F79EFBC}") = "Assembly-CSharp", "Assembly-CSharp.csproj", "{4D26AB33-431B-8FD7-AF30-3EEB81ECD104}"
EndProject
Project("{FAE04EC0-301F-11D3-BF4B-00C04F79EFBC}") = "AstarPathfindingProjectEditor", "AstarPathfindingProjectEditor.csproj", "{BD8E9359-2483-415D-5690-C5A1235D7325}"
EndProject
Project("{FAE04EC0-301F-11D3-BF4B-00C04F79EFBC}") = "PackageToolsEditor", "PackageToolsEditor.csproj", "{0A38B769-0882-4B7D-00CD-2FDD1D57B58C}"
EndProject
Global
	GlobalSection(SolutionConfigurationPlatforms) = preSolution
		Debug|Any CPU = Debug|Any CPU
		Release|Any CPU = Release|Any CPU
	EndGlobalSection
	GlobalSection(ProjectConfigurationPlatforms) = postSolution
		{61E6AB0C-73FC-7046-D830-F9AEBE9C0F15}.Debug|Any CPU.ActiveCfg = Debug|Any CPU
		{61E6AB0C-73FC-7046-D830-F9AEBE9C0F15}.Debug|Any CPU.Build.0 = Debug|Any CPU
		{61E6AB0C-73FC-7046-D830-F9AEBE9C0F15}.Release|Any CPU.ActiveCfg = Release|Any CPU
		{61E6AB0C-73FC-7046-D830-F9AEBE9C0F15}.Release|Any CPU.Build.0 = Release|Any CPU
		{4D26AB33-431B-8FD7-AF30-3EEB81ECD104}.Debug|Any CPU.ActiveCfg = Debug|Any CPU
		{4D26AB33-431B-8FD7-AF30-3EEB81ECD104}.Debug|Any CPU.Build.0 = Debug|Any CPU
		{4D26AB33-431B-8FD7-AF30-3EEB81ECD104}.Release|Any CPU.ActiveCfg = Release|Any CPU
		{4D26AB33-431B-8FD7-AF30-3EEB81ECD104}.Release|Any CPU.Build.0 = Release|Any CPU
		{BD8E9359-2483-415D-5690-C5A1235D7325}.Debug|Any CPU.ActiveCfg = Debug|Any CPU
		{BD8E9359-2483-415D-5690-C5A1235D7325}.Debug|Any CPU.Build.0 = Debug|Any CPU
		{BD8E9359-2483-415D-5690-C5A1235D7325}.Release|Any CPU.ActiveCfg = Release|Any CPU
		{BD8E9359-2483-415D-5690-C5A1235D7325}.Release|Any CPU.Build.0 = Release|Any CPU
		{0A38B769-0882-4B7D-00CD-2FDD1D57B58C}.Debug|Any CPU.ActiveCfg = Debug|Any CPU
		{0A38B769-0882-4B7D-00CD-2FDD1D57B58C}.Debug|Any CPU.Build.0 = Debug|Any CPU
		{0A38B769-0882-4B7D-00CD-2FDD1D57B58C}.Release|Any CPU.ActiveCfg = Release|Any CPU
		{0A38B769-0882-4B7D-00CD-2FDD1D57B58C}.Release|Any CPU.Build.0 = Release|Any CPU
	EndGlobalSection
	GlobalSection(SolutionProperties) = preSolution
		HideSolutionNode = FALSE
	EndGlobalSection
EndGlobal
